
Microsoft Visual Studio Solution File, Format Version 12.00
# Visual Studio Version 17
VisualStudioVersion = 17.1.32210.238
MinimumVisualStudioVersion = 10.0.40219.1
Project("{FAE04EC0-301F-11D3-BF4B-00C04F79EFBC}") = "OOPH1Aflevering2", "OOPH1Aflevering2\OOPH1Aflevering2.csproj", "{AF0E1D35-34A9-4B28-BDD1-66F8EBC3277D}"
EndProject
Global
	GlobalSection(SolutionConfigurationPlatforms) = preSolution
		Debug|Any CPU = Debug|Any CPU
		Release|Any CPU = Release|Any CPU
	EndGlobalSection
	GlobalSection(ProjectConfigurationPlatforms) = postSolution
		{AF0E1D35-34A9-4B28-BDD1-66F8EBC3277D}.Debug|Any CPU.ActiveCfg = Debug|Any CPU
		{AF0E1D35-34A9-4B28-BDD1-66F8EBC3277D}.Debug|Any CPU.Build.0 = Debug|Any CPU
		{AF0E1D35-34A9-4B28-BDD1-66F8EBC3277D}.Release|Any CPU.ActiveCfg = Release|Any CPU
		{AF0E1D35-34A9-4B28-BDD1-66F8EBC3277D}.Release|Any CPU.Build.0 = Release|Any CPU
	EndGlobalSection
	GlobalSection(SolutionProperties) = preSolution
		HideSolutionNode = FALSE
	EndGlobalSection
	GlobalSection(ExtensibilityGlobals) = postSolution
		SolutionGuid = {52760E5A-FB3C-424E-8D5D-BCC617757921}
	EndGlobalSection
EndGlobal
